
Microsoft Visual Studio Solution File, Format Version 12.00
# Visual Studio Version 17
VisualStudioVersion = 17.1.32421.90
MinimumVisualStudioVersion = 10.0.40219.1
Project("{FAE04EC0-301F-11D3-BF4B-00C04F79EFBC}") = "GameServer", "GameServer\GameServer.csproj", "{06B81B8A-6A54-4EB2-8D6E-8F0DCCA5C890}"
EndProject
Global
	GlobalSection(SolutionConfigurationPlatforms) = preSolution
		Debug|Any CPU = Debug|Any CPU
		Release|Any CPU = Release|Any CPU
	EndGlobalSection
	GlobalSection(ProjectConfigurationPlatforms) = postSolution
		{06B81B8A-6A54-4EB2-8D6E-8F0DCCA5C890}.Debug|Any CPU.ActiveCfg = Debug|Any CPU
		{06B81B8A-6A54-4EB2-8D6E-8F0DCCA5C890}.Debug|Any CPU.Build.0 = Debug|Any CPU
		{06B81B8A-6A54-4EB2-8D6E-8F0DCCA5C890}.Release|Any CPU.ActiveCfg = Release|Any CPU
		{06B81B8A-6A54-4EB2-8D6E-8F0DCCA5C890}.Release|Any CPU.Build.0 = Release|Any CPU
	EndGlobalSection
	GlobalSection(SolutionProperties) = preSolution
		HideSolutionNode = FALSE
	EndGlobalSection
	GlobalSection(ExtensibilityGlobals) = postSolution
		SolutionGuid = {914FF587-6BB8-4D77-8ECB-2210C4E4E72D}
	EndGlobalSection
EndGlobal
